# This file is automatically @generated by Cargo.
# It is not intended for manual editing.
version = 3

[[package]]
name = "lazy_static"
version = "1.4.0"
source = "registry+https://github.com/rust-lang/crates.io-index"
checksum = "e2abad23fbc42b3700f2f279844dc832adb2b2eb069b2df918f455c4e18cc646"

[[package]]
name = "tracing-mutex"
version = "0.1.0"
dependencies = [
 "tracing-mutex 0.2.1",
]

[[package]]
name = "tracing-mutex"
version = "0.2.1"
source = "registry+https://github.com/rust-lang/crates.io-index"
checksum = "b3df21ca58f0e0b5ee3181d8eebb8f2ec16d6ecbb2a04f351aa6abd7cf700f22"
dependencies = [
 "lazy_static",
]
