{
  "name": "another-trial2",
  "version": "1.0.0",
  "lockfileVersion": 3,
  "requires": true,
  "packages": {
    "": {
      "name": "another-trial2",
      "version": "1.0.0",
      "license": "ISC",
      "dependencies": {
        "another-trial": "^1.0.0",
        "brightton": "^1.0.0",
        "capitalize-string": "^0.0.4",
        "random-hex-color": "^1.0.1"
      }
    },
    "node_modules/another-trial": {
      "version": "1.0.0",
      "resolved": "https://registry.npmjs.org/another-trial/-/another-trial-1.0.0.tgz",
      "integrity": "sha512-+7xlefZIyUp62tajHg9m6hoS89JmFH6E8v3COruMBFKG1j9e830eo5wQUh8mhs0Cids22AEZO+CLmu8AURmjCQ=="
    },
    "node_modules/brightton": {
      "version": "1.0.0",
      "resolved": "https://registry.npmjs.org/brightton/-/brightton-1.0.0.tgz",
      "integrity": "sha512-5iBmtZV6pnVboyxIZi/7v/4PuMxlOMMkI5ndqugWUz34AWXwnr7Cdw9Z5Zlk4Q1n0UW1nAQ8B2M0i0OxC2wwYQ=="
    },
    "node_modules/capitalize-string": {
      "version": "0.0.4",
      "resolved": "https://registry.npmjs.org/capitalize-string/-/capitalize-string-0.0.4.tgz",
      "integrity": "sha512-omu8Wo1NEm8E11mXlCk741K65DxHVIMXPGr+8IMmK3w8U7+9pg4A8+ppa7eMLK9PYtO0P4cExUBa7AxQjPhkPw=="
    },
    "node_modules/random-hex-color": {
      "version": "1.0.1",
      "resolved": "https://registry.npmjs.org/random-hex-color/-/random-hex-color-1.0.1.tgz",
      "integrity": "sha512-n3tV3KDXFrHEXJiCByWvzx0tonuA+N1/qnnV8lqliHZZ2H7GOgriwGXuBj8C2KnjVzJVA/vSVBbzV/XDVz3a3Q=="
    }
  }
}
